// !$*UTF8*$!
{
	archiveVersion = 1;
	classes = {
	};
	objectVersion = 56;
	objects = {

/* Begin PBXBuildFile section */
		EA98632B2A971E9200D53BAE /* TransitionBut.swift in Sources */ = {isa = PBXBuildFile; fileRef = EA98632A2A971E9200D53BAE /* TransitionBut.swift */; };
		EA98632D2A97268E00D53BAE /* SheetsBut.swift in Sources */ = {isa = PBXBuildFile; fileRef = EA98632C2A97268E00D53BAE /* SheetsBut.swift */; };
		EAAB113B2A948498005F1CA3 /* TernaryBut.swift in Sources */ = {isa = PBXBuildFile; fileRef = EAAB113A2A948498005F1CA3 /* TernaryBut.swift */; };
		EAAB113D2A948813005F1CA3 /* AnimationsBut.swift in Sources */ = {isa = PBXBuildFile; fileRef = EAAB113C2A948813005F1CA3 /* AnimationsBut.swift */; };
		EAB453EC2A96170D00A3F2B6 /*  AnimationTimingBut.swift in Sources */ = {isa = PBXBuildFile; fileRef = EAB453EB2A96170D00A3F2B6 /*  AnimationTimingBut.swift */; };
		EAB453EE2A9619B100A3F2B6 /* AnimationBut.swift in Sources */ = {isa = PBXBuildFile; fileRef = EAB453ED2A9619B100A3F2B6 /* AnimationBut.swift */; };
		EAFE1BD62A932DBA00D2C17E /* Test01App.swift in Sources */ = {isa = PBXBuildFile; fileRef = EAFE1BD52A932DBA00D2C17E /* Test01App.swift */; };
		EAFE1BD82A932DBA00D2C17E /* ContentView.swift in Sources */ = {isa = PBXBuildFile; fileRef = EAFE1BD72A932DBA00D2C17E /* ContentView.swift */; };
		EAFE1BDA2A932DBB00D2C17E /* Assets.xcassets in Resources */ = {isa = PBXBuildFile; fileRef = EAFE1BD92A932DBB00D2C17E /* Assets.xcassets */; };
		EAFE1BDD2A932DBB00D2C17E /* Preview Assets.xcassets in Resources */ = {isa = PBXBuildFile; fileRef = EAFE1BDC2A932DBB00D2C17E /* Preview Assets.xcassets */; };
		EAFE1BE42A933D6600D2C17E /* StateBut.swift in Sources */ = {isa = PBXBuildFile; fileRef = EAFE1BE32A933D6600D2C17E /* StateBut.swift */; };
		EAFE1BE62A93697300D2C17E /* ExtractingFunctionsAndSubviews.swift in Sources */ = {isa = PBXBuildFile; fileRef = EAFE1BE52A93697300D2C17E /* ExtractingFunctionsAndSubviews.swift */; };
		EAFE1BE82A93739400D2C17E /* ExtractSubviewsBut.swift in Sources */ = {isa = PBXBuildFile; fileRef = EAFE1BE72A93739400D2C17E /* ExtractSubviewsBut.swift */; };
		EAFE1BEA2A938D0B00D2C17E /* BindingBut.swift in Sources */ = {isa = PBXBuildFile; fileRef = EAFE1BE92A938D0B00D2C17E /* BindingBut.swift */; };
/* End PBXBuildFile section */

/* Begin PBXFileReference section */
		EA98632A2A971E9200D53BAE /* TransitionBut.swift */ = {isa = PBXFileReference; lastKnownFileType = sourcecode.swift; path = TransitionBut.swift; sourceTree = "<group>"; };
		EA98632C2A97268E00D53BAE /* SheetsBut.swift */ = {isa = PBXFileReference; lastKnownFileType = sourcecode.swift; path = SheetsBut.swift; sourceTree = "<group>"; };
		EAAB113A2A948498005F1CA3 /* TernaryBut.swift */ = {isa = PBXFileReference; lastKnownFileType = sourcecode.swift; path = TernaryBut.swift; sourceTree = "<group>"; };
		EAAB113C2A948813005F1CA3 /* AnimationsBut.swift */ = {isa = PBXFileReference; lastKnownFileType = sourcecode.swift; path = AnimationsBut.swift; sourceTree = "<group>"; };
		EAB453EB2A96170D00A3F2B6 /*  AnimationTimingBut.swift */ = {isa = PBXFileReference; lastKnownFileType = sourcecode.swift; path = " AnimationTimingBut.swift"; sourceTree = "<group>"; };
		EAB453ED2A9619B100A3F2B6 /* AnimationBut.swift */ = {isa = PBXFileReference; lastKnownFileType = sourcecode.swift; path = AnimationBut.swift; sourceTree = "<group>"; };
		EAFE1BD22A932DBA00D2C17E /* Test01.app */ = {isa = PBXFileReference; explicitFileType = wrapper.application; includeInIndex = 0; path = Test01.app; sourceTree = BUILT_PRODUCTS_DIR; };
		EAFE1BD52A932DBA00D2C17E /* Test01App.swift */ = {isa = PBXFileReference; lastKnownFileType = sourcecode.swift; path = Test01App.swift; sourceTree = "<group>"; };
		EAFE1BD72A932DBA00D2C17E /* ContentView.swift */ = {isa = PBXFileReference; lastKnownFileType = sourcecode.swift; path = ContentView.swift; sourceTree = "<group>"; };
		EAFE1BD92A932DBB00D2C17E /* Assets.xcassets */ = {isa = PBXFileReference; lastKnownFileType = folder.assetcatalog; path = Assets.xcassets; sourceTree = "<group>"; };
		EAFE1BDC2A932DBB00D2C17E /* Preview Assets.xcassets */ = {isa = PBXFileReference; lastKnownFileType = folder.assetcatalog; path = "Preview Assets.xcassets"; sourceTree = "<group>"; };
		EAFE1BE32A933D6600D2C17E /* StateBut.swift */ = {isa = PBXFileReference; lastKnownFileType = sourcecode.swift; path = StateBut.swift; sourceTree = "<group>"; };
		EAFE1BE52A93697300D2C17E /* ExtractingFunctionsAndSubviews.swift */ = {isa = PBXFileReference; lastKnownFileType = sourcecode.swift; path = ExtractingFunctionsAndSubviews.swift; sourceTree = "<group>"; };
		EAFE1BE72A93739400D2C17E /* ExtractSubviewsBut.swift */ = {isa = PBXFileReference; lastKnownFileType = sourcecode.swift; path = ExtractSubviewsBut.swift; sourceTree = "<group>"; };
		EAFE1BE92A938D0B00D2C17E /* BindingBut.swift */ = {isa = PBXFileReference; lastKnownFileType = sourcecode.swift; path = BindingBut.swift; sourceTree = "<group>"; };
/* End PBXFileReference section */

/* Begin PBXFrameworksBuildPhase section */
		EAFE1BCF2A932DBA00D2C17E /* Frameworks */ = {
			isa = PBXFrameworksBuildPhase;
			buildActionMask = 2147483647;
			files = (
			);
			runOnlyForDeploymentPostprocessing = 0;
		};
/* End PBXFrameworksBuildPhase section */

/* Begin PBXGroup section */
		EAFE1BC92A932DBA00D2C17E = {
			isa = PBXGroup;
			children = (
				EAFE1BD42A932DBA00D2C17E /* Test01 */,
				EAFE1BD32A932DBA00D2C17E /* Products */,
			);
			sourceTree = "<group>";
		};
		EAFE1BD32A932DBA00D2C17E /* Products */ = {
			isa = PBXGroup;
			children = (
				EAFE1BD22A932DBA00D2C17E /* Test01.app */,
			);
			name = Products;
			sourceTree = "<group>";
		};
		EAFE1BD42A932DBA00D2C17E /* Test01 */ = {
			isa = PBXGroup;
			children = (
				EAFE1BD52A932DBA00D2C17E /* Test01App.swift */,
				EAFE1BD72A932DBA00D2C17E /* ContentView.swift */,
				EAFE1BE32A933D6600D2C17E /* StateBut.swift */,
				EAAB113A2A948498005F1CA3 /* TernaryBut.swift */,
				EAFE1BE52A93697300D2C17E /* ExtractingFunctionsAndSubviews.swift */,
				EAFE1BE72A93739400D2C17E /* ExtractSubviewsBut.swift */,
				EAAB113C2A948813005F1CA3 /* AnimationsBut.swift */,
				EAB453EB2A96170D00A3F2B6 /*  AnimationTimingBut.swift */,
				EAFE1BE92A938D0B00D2C17E /* BindingBut.swift */,
				EAB453ED2A9619B100A3F2B6 /* AnimationBut.swift */,
				EA98632A2A971E9200D53BAE /* TransitionBut.swift */,
				EA98632C2A97268E00D53BAE /* SheetsBut.swift */,
				EAFE1BD92A932DBB00D2C17E /* Assets.xcassets */,
				EAFE1BDB2A932DBB00D2C17E /* Preview Content */,
			);
			path = Test01;
			sourceTree = "<group>";
		};
		EAFE1BDB2A932DBB00D2C17E /* Preview Content */ = {
			isa = PBXGroup;
			children = (
				EAFE1BDC2A932DBB00D2C17E /* Preview Assets.xcassets */,
			);
			path = "Preview Content";
			sourceTree = "<group>";
		};
/* End PBXGroup section */

/* Begin PBXNativeTarget section */
		EAFE1BD12A932DBA00D2C17E /* Test01 */ = {
			isa = PBXNativeTarget;
			buildConfigurationList = EAFE1BE02A932DBB00D2C17E /* Build configuration list for PBXNativeTarget "Test01" */;
			buildPhases = (
				EAFE1BCE2A932DBA00D2C17E /* Sources */,
				EAFE1BCF2A932DBA00D2C17E /* Frameworks */,
				EAFE1BD02A932DBA00D2C17E /* Resources */,
			);
			buildRules = (
			);
			dependencies = (
			);
			name = Test01;
			productName = Test01;
			productReference = EAFE1BD22A932DBA00D2C17E /* Test01.app */;
			productType = "com.apple.product-type.application";
		};
/* End PBXNativeTarget section */

/* Begin PBXProject section */
		EAFE1BCA2A932DBA00D2C17E /* Project object */ = {
			isa = PBXProject;
			attributes = {
				BuildIndependentTargetsInParallel = 1;
				LastSwiftUpdateCheck = 1430;
				LastUpgradeCheck = 1430;
				TargetAttributes = {
					EAFE1BD12A932DBA00D2C17E = {
						CreatedOnToolsVersion = 14.3.1;
					};
				};
			};
			buildConfigurationList = EAFE1BCD2A932DBA00D2C17E /* Build configuration list for PBXProject "Test01" */;
			compatibilityVersion = "Xcode 14.0";
			developmentRegion = en;
			hasScannedForEncodings = 0;
			knownRegions = (
				en,
				Base,
			);
			mainGroup = EAFE1BC92A932DBA00D2C17E;
			productRefGroup = EAFE1BD32A932DBA00D2C17E /* Products */;
			projectDirPath = "";
			projectRoot = "";
			targets = (
				EAFE1BD12A932DBA00D2C17E /* Test01 */,
			);
		};
/* End PBXProject section */

/* Begin PBXResourcesBuildPhase section */
		EAFE1BD02A932DBA00D2C17E /* Resources */ = {
			isa = PBXResourcesBuildPhase;
			buildActionMask = 2147483647;
			files = (
				EAFE1BDD2A932DBB00D2C17E /* Preview Assets.xcassets in Resources */,
				EAFE1BDA2A932DBB00D2C17E /* Assets.xcassets in Resources */,
			);
			runOnlyForDeploymentPostprocessing = 0;
		};
/* End PBXResourcesBuildPhase section */

/* Begin PBXSourcesBuildPhase section */
		EAFE1BCE2A932DBA00D2C17E /* Sources */ = {
			isa = PBXSourcesBuildPhase;
			buildActionMask = 2147483647;
			files = (
				EAB453EE2A9619B100A3F2B6 /* AnimationBut.swift in Sources */,
				EAB453EC2A96170D00A3F2B6 /*  AnimationTimingBut.swift in Sources */,
				EAFE1BE62A93697300D2C17E /* ExtractingFunctionsAndSubviews.swift in Sources */,
				EAAB113B2A948498005F1CA3 /* TernaryBut.swift in Sources */,
				EAFE1BE82A93739400D2C17E /* ExtractSubviewsBut.swift in Sources */,
				EA98632D2A97268E00D53BAE /* SheetsBut.swift in Sources */,
				EAFE1BD82A932DBA00D2C17E /* ContentView.swift in Sources */,
				EAAB113D2A948813005F1CA3 /* AnimationsBut.swift in Sources */,
				EAFE1BEA2A938D0B00D2C17E /* BindingBut.swift in Sources */,
				EAFE1BD62A932DBA00D2C17E /* Test01App.swift in Sources */,
				EA98632B2A971E9200D53BAE /* TransitionBut.swift in Sources */,
				EAFE1BE42A933D6600D2C17E /* StateBut.swift in Sources */,
			);
			runOnlyForDeploymentPostprocessing = 0;
		};
/* End PBXSourcesBuildPhase section */

/* Begin XCBuildConfiguration section */
		EAFE1BDE2A932DBB00D2C17E /* Debug */ = {
			isa = XCBuildConfiguration;
			buildSettings = {
				ALWAYS_SEARCH_USER_PATHS = NO;
				CLANG_ANALYZER_NONNULL = YES;
				CLANG_ANALYZER_NUMBER_OBJECT_CONVERSION = YES_AGGRESSIVE;
				CLANG_CXX_LANGUAGE_STANDARD = "gnu++20";
				CLANG_ENABLE_MODULES = YES;
				CLANG_ENABLE_OBJC_ARC = YES;
				CLANG_ENABLE_OBJC_WEAK = YES;
				CLANG_WARN_BLOCK_CAPTURE_AUTORELEASING = YES;
				CLANG_WARN_BOOL_CONVERSION = YES;
				CLANG_WARN_COMMA = YES;
				CLANG_WARN_CONSTANT_CONVERSION = YES;
				CLANG_WARN_DEPRECATED_OBJC_IMPLEMENTATIONS = YES;
				CLANG_WARN_DIRECT_OBJC_ISA_USAGE = YES_ERROR;
				CLANG_WARN_DOCUMENTATION_COMMENTS = YES;
				CLANG_WARN_EMPTY_BODY = YES;
				CLANG_WARN_ENUM_CONVERSION = YES;
				CLANG_WARN_INFINITE_RECURSION = YES;
				CLANG_WARN_INT_CONVERSION = YES;
				CLANG_WARN_NON_LITERAL_NULL_CONVERSION = YES;
				CLANG_WARN_OBJC_IMPLICIT_RETAIN_SELF = YES;
				CLANG_WARN_OBJC_LITERAL_CONVERSION = YES;
				CLANG_WARN_OBJC_ROOT_CLASS = YES_ERROR;
				CLANG_WARN_QUOTED_INCLUDE_IN_FRAMEWORK_HEADER = YES;
				CLANG_WARN_RANGE_LOOP_ANALYSIS = YES;
				CLANG_WARN_STRICT_PROTOTYPES = YES;
				CLANG_WARN_SUSPICIOUS_MOVE = YES;
				CLANG_WARN_UNGUARDED_AVAILABILITY = YES_AGGRESSIVE;
				CLANG_WARN_UNREACHABLE_CODE = YES;
				CLANG_WARN__DUPLICATE_METHOD_MATCH = YES;
				COPY_PHASE_STRIP = NO;
				DEBUG_INFORMATION_FORMAT = dwarf;
				ENABLE_STRICT_OBJC_MSGSEND = YES;
				ENABLE_TESTABILITY = YES;
				GCC_C_LANGUAGE_STANDARD = gnu11;
				GCC_DYNAMIC_NO_PIC = NO;
				GCC_NO_COMMON_BLOCKS = YES;
				GCC_OPTIMIZATION_LEVEL = 0;
				GCC_PREPROCESSOR_DEFINITIONS = (
					"DEBUG=1",
					"$(inherited)",
				);
				GCC_WARN_64_TO_32_BIT_CONVERSION = YES;
				GCC_WARN_ABOUT_RETURN_TYPE = YES_ERROR;
				GCC_WARN_UNDECLARED_SELECTOR = YES;
				GCC_WARN_UNINITIALIZED_AUTOS = YES_AGGRESSIVE;
				GCC_WARN_UNUSED_FUNCTION = YES;
				GCC_WARN_UNUSED_VARIABLE = YES;
				IPHONEOS_DEPLOYMENT_TARGET = 16.4;
				MTL_ENABLE_DEBUG_INFO = INCLUDE_SOURCE;
				MTL_FAST_MATH = YES;
				ONLY_ACTIVE_ARCH = YES;
				SDKROOT = iphoneos;
				SWIFT_ACTIVE_COMPILATION_CONDITIONS = DEBUG;
				SWIFT_OPTIMIZATION_LEVEL = "-Onone";
			};
			name = Debug;
		};
		EAFE1BDF2A932DBB00D2C17E /* Release */ = {
			isa = XCBuildConfiguration;
			buildSettings = {
				ALWAYS_SEARCH_USER_PATHS = NO;
				CLANG_ANALYZER_NONNULL = YES;
				CLANG_ANALYZER_NUMBER_OBJECT_CONVERSION = YES_AGGRESSIVE;
				CLANG_CXX_LANGUAGE_STANDARD = "gnu++20";
				CLANG_ENABLE_MODULES = YES;
				CLANG_ENABLE_OBJC_ARC = YES;
				CLANG_ENABLE_OBJC_WEAK = YES;
				CLANG_WARN_BLOCK_CAPTURE_AUTORELEASING = YES;
				CLANG_WARN_BOOL_CONVERSION = YES;
				CLANG_WARN_COMMA = YES;
				CLANG_WARN_CONSTANT_CONVERSION = YES;
				CLANG_WARN_DEPRECATED_OBJC_IMPLEMENTATIONS = YES;
				CLANG_WARN_DIRECT_OBJC_ISA_USAGE = YES_ERROR;
				CLANG_WARN_DOCUMENTATION_COMMENTS = YES;
				CLANG_WARN_EMPTY_BODY = YES;
				CLANG_WARN_ENUM_CONVERSION = YES;
				CLANG_WARN_INFINITE_RECURSION = YES;
				CLANG_WARN_INT_CONVERSION = YES;
				CLANG_WARN_NON_LITERAL_NULL_CONVERSION = YES;
				CLANG_WARN_OBJC_IMPLICIT_RETAIN_SELF = YES;
				CLANG_WARN_OBJC_LITERAL_CONVERSION = YES;
				CLANG_WARN_OBJC_ROOT_CLASS = YES_ERROR;
				CLANG_WARN_QUOTED_INCLUDE_IN_FRAMEWORK_HEADER = YES;
				CLANG_WARN_RANGE_LOOP_ANALYSIS = YES;
				CLANG_WARN_STRICT_PROTOTYPES = YES;
				CLANG_WARN_SUSPICIOUS_MOVE = YES;
				CLANG_WARN_UNGUARDED_AVAILABILITY = YES_AGGRESSIVE;
				CLANG_WARN_UNREACHABLE_CODE = YES;
				CLANG_WARN__DUPLICATE_METHOD_MATCH = YES;
				COPY_PHASE_STRIP = NO;
				DEBUG_INFORMATION_FORMAT = "dwarf-with-dsym";
				ENABLE_NS_ASSERTIONS = NO;
				ENABLE_STRICT_OBJC_MSGSEND = YES;
				GCC_C_LANGUAGE_STANDARD = gnu11;
				GCC_NO_COMMON_BLOCKS = YES;
				GCC_WARN_64_TO_32_BIT_CONVERSION = YES;
				GCC_WARN_ABOUT_RETURN_TYPE = YES_ERROR;
				GCC_WARN_UNDECLARED_SELECTOR = YES;
				GCC_WARN_UNINITIALIZED_AUTOS = YES_AGGRESSIVE;
				GCC_WARN_UNUSED_FUNCTION = YES;
				GCC_WARN_UNUSED_VARIABLE = YES;
				IPHONEOS_DEPLOYMENT_TARGET = 16.4;
				MTL_ENABLE_DEBUG_INFO = NO;
				MTL_FAST_MATH = YES;
				SDKROOT = iphoneos;
				SWIFT_COMPILATION_MODE = wholemodule;
				SWIFT_OPTIMIZATION_LEVEL = "-O";
				VALIDATE_PRODUCT = YES;
			};
			name = Release;
		};
		EAFE1BE12A932DBB00D2C17E /* Debug */ = {
			isa = XCBuildConfiguration;
			buildSettings = {
				ASSETCATALOG_COMPILER_APPICON_NAME = AppIcon;
				ASSETCATALOG_COMPILER_GLOBAL_ACCENT_COLOR_NAME = AccentColor;
				CODE_SIGN_STYLE = Automatic;
				CURRENT_PROJECT_VERSION = 1;
				DEVELOPMENT_ASSET_PATHS = "\"Test01/Preview Content\"";
				ENABLE_PREVIEWS = YES;
				GENERATE_INFOPLIST_FILE = YES;
				INFOPLIST_KEY_UIApplicationSceneManifest_Generation = YES;
				INFOPLIST_KEY_UIApplicationSupportsIndirectInputEvents = YES;
				INFOPLIST_KEY_UILaunchScreen_Generation = YES;
				INFOPLIST_KEY_UISupportedInterfaceOrientations_iPad = "UIInterfaceOrientationPortrait UIInterfaceOrientationPortraitUpsideDown UIInterfaceOrientationLandscapeLeft UIInterfaceOrientationLandscapeRight";
				INFOPLIST_KEY_UISupportedInterfaceOrientations_iPhone = "UIInterfaceOrientationPortrait UIInterfaceOrientationLandscapeLeft UIInterfaceOrientationLandscapeRight";
				LD_RUNPATH_SEARCH_PATHS = (
					"$(inherited)",
					"@executable_path/Frameworks",
				);
				MARKETING_VERSION = 1.0;
				PRODUCT_BUNDLE_IDENTIFIER = com.asadcoder.Test01;
				PRODUCT_NAME = "$(TARGET_NAME)";
				SWIFT_EMIT_LOC_STRINGS = YES;
				SWIFT_VERSION = 5.0;
				TARGETED_DEVICE_FAMILY = "1,2";
			};
			name = Debug;
		};
		EAFE1BE22A932DBB00D2C17E /* Release */ = {
			isa = XCBuildConfiguration;
			buildSettings = {
				ASSETCATALOG_COMPILER_APPICON_NAME = AppIcon;
				ASSETCATALOG_COMPILER_GLOBAL_ACCENT_COLOR_NAME = AccentColor;
				CODE_SIGN_STYLE = Automatic;
				CURRENT_PROJECT_VERSION = 1;
				DEVELOPMENT_ASSET_PATHS = "\"Test01/Preview Content\"";
				ENABLE_PREVIEWS = YES;
				GENERATE_INFOPLIST_FILE = YES;
				INFOPLIST_KEY_UIApplicationSceneManifest_Generation = YES;
				INFOPLIST_KEY_UIApplicationSupportsIndirectInputEvents = YES;
				INFOPLIST_KEY_UILaunchScreen_Generation = YES;
				INFOPLIST_KEY_UISupportedInterfaceOrientations_iPad = "UIInterfaceOrientationPortrait UIInterfaceOrientationPortraitUpsideDown UIInterfaceOrientationLandscapeLeft UIInterfaceOrientationLandscapeRight";
				INFOPLIST_KEY_UISupportedInterfaceOrientations_iPhone = "UIInterfaceOrientationPortrait UIInterfaceOrientationLandscapeLeft UIInterfaceOrientationLandscapeRight";
				LD_RUNPATH_SEARCH_PATHS = (
					"$(inherited)",
					"@executable_path/Frameworks",
				);
				MARKETING_VERSION = 1.0;
				PRODUCT_BUNDLE_IDENTIFIER = com.asadcoder.Test01;
				PRODUCT_NAME = "$(TARGET_NAME)";
				SWIFT_EMIT_LOC_STRINGS = YES;
				SWIFT_VERSION = 5.0;
				TARGETED_DEVICE_FAMILY = "1,2";
			};
			name = Release;
		};
/* End XCBuildConfiguration section */

/* Begin XCConfigurationList section */
		EAFE1BCD2A932DBA00D2C17E /* Build configuration list for PBXProject "Test01" */ = {
			isa = XCConfigurationList;
			buildConfigurations = (
				EAFE1BDE2A932DBB00D2C17E /* Debug */,
				EAFE1BDF2A932DBB00D2C17E /* Release */,
			);
			defaultConfigurationIsVisible = 0;
			defaultConfigurationName = Release;
		};
		EAFE1BE02A932DBB00D2C17E /* Build configuration list for PBXNativeTarget "Test01" */ = {
			isa = XCConfigurationList;
			buildConfigurations = (
				EAFE1BE12A932DBB00D2C17E /* Debug */,
				EAFE1BE22A932DBB00D2C17E /* Release */,
			);
			defaultConfigurationIsVisible = 0;
			defaultConfigurationName = Release;
		};
/* End XCConfigurationList section */
	};
	rootObject = EAFE1BCA2A932DBA00D2C17E /* Project object */;
}
